
Microsoft Visual Studio Solution File, Format Version 12.00
# Visual Studio 15
VisualStudioVersion = 15.0.27703.2026
MinimumVisualStudioVersion = 10.0.40219.1
Project("{9A19103F-16F7-4668-BE54-9A1E7A4F7556}") = "AspNetCore_10_TestingTroubleShooting", "AspNetCore_10_TestingTroubleShooting\AspNetCore_10_TestingTroubleShooting.csproj", "{F07D5389-7A0B-4E4A-A408-75B9F3B28682}"
EndProject
Project("{9A19103F-16F7-4668-BE54-9A1E7A4F7556}") = "AspNetCore_10_TestingTroubleShooting.Tests", "AspNetCore_10_TestingTroubleShooting.Tests\AspNetCore_10_TestingTroubleShooting.Tests.csproj", "{89722188-15BE-46A8-9290-F2DA38688863}"
EndProject
Global
	GlobalSection(SolutionConfigurationPlatforms) = preSolution
		Debug|Any CPU = Debug|Any CPU
		Release|Any CPU = Release|Any CPU
	EndGlobalSection
	GlobalSection(ProjectConfigurationPlatforms) = postSolution
		{F07D5389-7A0B-4E4A-A408-75B9F3B28682}.Debug|Any CPU.ActiveCfg = Debug|Any CPU
		{F07D5389-7A0B-4E4A-A408-75B9F3B28682}.Debug|Any CPU.Build.0 = Debug|Any CPU
		{F07D5389-7A0B-4E4A-A408-75B9F3B28682}.Release|Any CPU.ActiveCfg = Release|Any CPU
		{F07D5389-7A0B-4E4A-A408-75B9F3B28682}.Release|Any CPU.Build.0 = Release|Any CPU
		{89722188-15BE-46A8-9290-F2DA38688863}.Debug|Any CPU.ActiveCfg = Debug|Any CPU
		{89722188-15BE-46A8-9290-F2DA38688863}.Debug|Any CPU.Build.0 = Debug|Any CPU
		{89722188-15BE-46A8-9290-F2DA38688863}.Release|Any CPU.ActiveCfg = Release|Any CPU
		{89722188-15BE-46A8-9290-F2DA38688863}.Release|Any CPU.Build.0 = Release|Any CPU
	EndGlobalSection
	GlobalSection(SolutionProperties) = preSolution
		HideSolutionNode = FALSE
	EndGlobalSection
	GlobalSection(ExtensibilityGlobals) = postSolution
		SolutionGuid = {40EEADD6-9FC9-42C3-8EC6-FB4C2D42BEBE}
	EndGlobalSection
EndGlobal
